hash: 80499ec851d7ae5df2bc6a17262acb225ef7fe6a548c9a9b4f19e2045f351eaf
updated: 2017-08-26T12:58:55.670954549-04:00
imports:
- name: github.com/davecgh/go-spew
  version: 346938d642f2ec3594ed81d874461961cd0faa76
  subpackages:
  - spew
- name: github.com/golang/snappy
  version: 553a641470496b2327abcac10b36396bd98e45c9
- name: github.com/hoisie/redis
  version: b5c6e81454e0395c280f220d82a6854fd0fcf42e
- name: github.com/sirupsen/logrus
  version: f006c2ac4710855cf0f916dd6b77acf6b048dc6e
testImports:
- name: github.com/stretchr/testify
  version: 69483b4bd14f5845b5a1e55bca19e954e827f1d0
  subpackages:
  - assert
